// !$*UTF8*$!
{
	archiveVersion = 1;
	classes = {
	};
	objectVersion = 55;
	objects = {

/* Begin PBXBuildFile section */
		054F74BC29AE32BE0002FD5C /* ImageCarouselView.swift in Sources */ = {isa = PBXBuildFile; fileRef = 054F74BB29AE32BE0002FD5C /* ImageCarouselView.swift */; };
		054F74BF29AF524F0002FD5C /* UIViewExtension.swift in Sources */ = {isa = PBXBuildFile; fileRef = 054F74BE29AF524F0002FD5C /* UIViewExtension.swift */; };
		054F74C729AF752E0002FD5C /* DetailViewController.swift in Sources */ = {isa = PBXBuildFile; fileRef = 054F74C629AF752E0002FD5C /* DetailViewController.swift */; };
		05CB448929AE15AC00ECBDD9 /* AppDelegate.swift in Sources */ = {isa = PBXBuildFile; fileRef = 05CB448829AE15AC00ECBDD9 /* AppDelegate.swift */; };
		05CB448B29AE15AC00ECBDD9 /* SceneDelegate.swift in Sources */ = {isa = PBXBuildFile; fileRef = 05CB448A29AE15AC00ECBDD9 /* SceneDelegate.swift */; };
		05CB448D29AE15AC00ECBDD9 /* MainViewController.swift in Sources */ = {isa = PBXBuildFile; fileRef = 05CB448C29AE15AC00ECBDD9 /* MainViewController.swift */; };
		05CB449229AE15B000ECBDD9 /* Assets.xcassets in Resources */ = {isa = PBXBuildFile; fileRef = 05CB449129AE15B000ECBDD9 /* Assets.xcassets */; };
		05CB449529AE15B000ECBDD9 /* LaunchScreen.storyboard in Resources */ = {isa = PBXBuildFile; fileRef = 05CB449329AE15B000ECBDD9 /* LaunchScreen.storyboard */; };
		05CB449F29AE198800ECBDD9 /* Car.swift in Sources */ = {isa = PBXBuildFile; fileRef = 05CB449E29AE198800ECBDD9 /* Car.swift */; };
		05CB44A129AE21AB00ECBDD9 /* CardCollectionViewCell.swift in Sources */ = {isa = PBXBuildFile; fileRef = 05CB44A029AE21AB00ECBDD9 /* CardCollectionViewCell.swift */; };
		05E7C71C29B0E954007C5DBD /* PropertiesCollectionViewCell.swift in Sources */ = {isa = PBXBuildFile; fileRef = 05E7C71B29B0E954007C5DBD /* PropertiesCollectionViewCell.swift */; };
		FBA36C3400B8A28ED5E2064A /* Pods_autoscouttask.framework in Frameworks */ = {isa = PBXBuildFile; fileRef = 6A9F48B982DB0504F88EA89F /* Pods_autoscouttask.framework */; };
/* End PBXBuildFile section */

/* Begin PBXFileReference section */
		054F74BB29AE32BE0002FD5C /* ImageCarouselView.swift */ = {isa = PBXFileReference; lastKnownFileType = sourcecode.swift; path = ImageCarouselView.swift; sourceTree = "<group>"; };
		054F74BE29AF524F0002FD5C /* UIViewExtension.swift */ = {isa = PBXFileReference; lastKnownFileType = sourcecode.swift; path = UIViewExtension.swift; sourceTree = "<group>"; };
		054F74C629AF752E0002FD5C /* DetailViewController.swift */ = {isa = PBXFileReference; lastKnownFileType = sourcecode.swift; path = DetailViewController.swift; sourceTree = "<group>"; };
		05CB448529AE15AC00ECBDD9 /* autoscouttask.app */ = {isa = PBXFileReference; explicitFileType = wrapper.application; includeInIndex = 0; path = autoscouttask.app; sourceTree = BUILT_PRODUCTS_DIR; };
		05CB448829AE15AC00ECBDD9 /* AppDelegate.swift */ = {isa = PBXFileReference; lastKnownFileType = sourcecode.swift; path = AppDelegate.swift; sourceTree = "<group>"; };
		05CB448A29AE15AC00ECBDD9 /* SceneDelegate.swift */ = {isa = PBXFileReference; lastKnownFileType = sourcecode.swift; path = SceneDelegate.swift; sourceTree = "<group>"; };
		05CB448C29AE15AC00ECBDD9 /* MainViewController.swift */ = {isa = PBXFileReference; lastKnownFileType = sourcecode.swift; path = MainViewController.swift; sourceTree = "<group>"; };
		05CB449129AE15B000ECBDD9 /* Assets.xcassets */ = {isa = PBXFileReference; lastKnownFileType = folder.assetcatalog; path = Assets.xcassets; sourceTree = "<group>"; };
		05CB449429AE15B000ECBDD9 /* Base */ = {isa = PBXFileReference; lastKnownFileType = file.storyboard; name = Base; path = Base.lproj/LaunchScreen.storyboard; sourceTree = "<group>"; };
		05CB449629AE15B000ECBDD9 /* Info.plist */ = {isa = PBXFileReference; lastKnownFileType = text.plist.xml; path = Info.plist; sourceTree = "<group>"; };
		05CB449E29AE198800ECBDD9 /* Car.swift */ = {isa = PBXFileReference; lastKnownFileType = sourcecode.swift; path = Car.swift; sourceTree = "<group>"; };
		05CB44A029AE21AB00ECBDD9 /* CardCollectionViewCell.swift */ = {isa = PBXFileReference; lastKnownFileType = sourcecode.swift; path = CardCollectionViewCell.swift; sourceTree = "<group>"; };
		05E7C71B29B0E954007C5DBD /* PropertiesCollectionViewCell.swift */ = {isa = PBXFileReference; lastKnownFileType = sourcecode.swift; path = PropertiesCollectionViewCell.swift; sourceTree = "<group>"; };
		4FB3AFC7B3F90A18AC966A8A /* Pods-autoscouttask.release.xcconfig */ = {isa = PBXFileReference; includeInIndex = 1; lastKnownFileType = text.xcconfig; name = "Pods-autoscouttask.release.xcconfig"; path = "Target Support Files/Pods-autoscouttask/Pods-autoscouttask.release.xcconfig"; sourceTree = "<group>"; };
		6A9F48B982DB0504F88EA89F /* Pods_autoscouttask.framework */ = {isa = PBXFileReference; explicitFileType = wrapper.framework; includeInIndex = 0; path = Pods_autoscouttask.framework; sourceTree = BUILT_PRODUCTS_DIR; };
		BC4246C79024AB68C8A8AFB8 /* Pods-autoscouttask.debug.xcconfig */ = {isa = PBXFileReference; includeInIndex = 1; lastKnownFileType = text.xcconfig; name = "Pods-autoscouttask.debug.xcconfig"; path = "Target Support Files/Pods-autoscouttask/Pods-autoscouttask.debug.xcconfig"; sourceTree = "<group>"; };
/* End PBXFileReference section */

/* Begin PBXFrameworksBuildPhase section */
		05CB448229AE15AC00ECBDD9 /* Frameworks */ = {
			isa = PBXFrameworksBuildPhase;
			buildActionMask = 2147483647;
			files = (
				FBA36C3400B8A28ED5E2064A /* Pods_autoscouttask.framework in Frameworks */,
			);
			runOnlyForDeploymentPostprocessing = 0;
		};
/* End PBXFrameworksBuildPhase section */

/* Begin PBXGroup section */
		054F74BD29AF522C0002FD5C /* Extensions */ = {
			isa = PBXGroup;
			children = (
				054F74BE29AF524F0002FD5C /* UIViewExtension.swift */,
			);
			path = Extensions;
			sourceTree = "<group>";
		};
		054F74C229AF74CB0002FD5C /* CustomViews */ = {
			isa = PBXGroup;
			children = (
				05CB44A029AE21AB00ECBDD9 /* CardCollectionViewCell.swift */,
				054F74BB29AE32BE0002FD5C /* ImageCarouselView.swift */,
				05E7C71B29B0E954007C5DBD /* PropertiesCollectionViewCell.swift */,
			);
			path = CustomViews;
			sourceTree = "<group>";
		};
		054F74C329AF74D70002FD5C /* ViewControllers */ = {
			isa = PBXGroup;
			children = (
				05CB448C29AE15AC00ECBDD9 /* MainViewController.swift */,
				054F74C629AF752E0002FD5C /* DetailViewController.swift */,
			);
			path = ViewControllers;
			sourceTree = "<group>";
		};
		054F74C529AF75000002FD5C /* Models */ = {
			isa = PBXGroup;
			children = (
				05CB449E29AE198800ECBDD9 /* Car.swift */,
			);
			path = Models;
			sourceTree = "<group>";
		};
		05CB447C29AE15AB00ECBDD9 = {
			isa = PBXGroup;
			children = (
				05CB448729AE15AC00ECBDD9 /* autoscouttask */,
				05CB448629AE15AC00ECBDD9 /* Products */,
				C92FB3E80B0C68BE573C5CAE /* Pods */,
				54606E25A91617A16F24FDFE /* Frameworks */,
			);
			sourceTree = "<group>";
		};
		05CB448629AE15AC00ECBDD9 /* Products */ = {
			isa = PBXGroup;
			children = (
				05CB448529AE15AC00ECBDD9 /* autoscouttask.app */,
			);
			name = Products;
			sourceTree = "<group>";
		};
		05CB448729AE15AC00ECBDD9 /* autoscouttask */ = {
			isa = PBXGroup;
			children = (
				054F74C329AF74D70002FD5C /* ViewControllers */,
				054F74C229AF74CB0002FD5C /* CustomViews */,
				054F74C529AF75000002FD5C /* Models */,
				054F74BD29AF522C0002FD5C /* Extensions */,
				05CB448829AE15AC00ECBDD9 /* AppDelegate.swift */,
				05CB448A29AE15AC00ECBDD9 /* SceneDelegate.swift */,
				05CB449129AE15B000ECBDD9 /* Assets.xcassets */,
				05CB449329AE15B000ECBDD9 /* LaunchScreen.storyboard */,
				05CB449629AE15B000ECBDD9 /* Info.plist */,
			);
			path = autoscouttask;
			sourceTree = "<group>";
		};
		54606E25A91617A16F24FDFE /* Frameworks */ = {
			isa = PBXGroup;
			children = (
				6A9F48B982DB0504F88EA89F /* Pods_autoscouttask.framework */,
			);
			name = Frameworks;
			sourceTree = "<group>";
		};
		C92FB3E80B0C68BE573C5CAE /* Pods */ = {
			isa = PBXGroup;
			children = (
				BC4246C79024AB68C8A8AFB8 /* Pods-autoscouttask.debug.xcconfig */,
				4FB3AFC7B3F90A18AC966A8A /* Pods-autoscouttask.release.xcconfig */,
			);
			path = Pods;
			sourceTree = "<group>";
		};
/* End PBXGroup section */

/* Begin PBXNativeTarget section */
		05CB448429AE15AC00ECBDD9 /* autoscouttask */ = {
			isa = PBXNativeTarget;
			buildConfigurationList = 05CB449929AE15B000ECBDD9 /* Build configuration list for PBXNativeTarget "autoscouttask" */;
			buildPhases = (
				920335D94073CD9A8DF9C5F0 /* [CP] Check Pods Manifest.lock */,
				05CB448129AE15AC00ECBDD9 /* Sources */,
				05CB448229AE15AC00ECBDD9 /* Frameworks */,
				05CB448329AE15AC00ECBDD9 /* Resources */,
				A4CA8C6E4822ED8FD50E1F4F /* [CP] Embed Pods Frameworks */,
			);
			buildRules = (
			);
			dependencies = (
			);
			name = autoscouttask;
			productName = autoscouttask;
			productReference = 05CB448529AE15AC00ECBDD9 /* autoscouttask.app */;
			productType = "com.apple.product-type.application";
		};
/* End PBXNativeTarget section */

/* Begin PBXProject section */
		05CB447D29AE15AB00ECBDD9 /* Project object */ = {
			isa = PBXProject;
			attributes = {
				BuildIndependentTargetsInParallel = 1;
				LastSwiftUpdateCheck = 1420;
				LastUpgradeCheck = 1420;
				TargetAttributes = {
					05CB448429AE15AC00ECBDD9 = {
						CreatedOnToolsVersion = 14.2;
					};
				};
			};
			buildConfigurationList = 05CB448029AE15AB00ECBDD9 /* Build configuration list for PBXProject "autoscouttask" */;
			compatibilityVersion = "Xcode 13.0";
			developmentRegion = en;
			hasScannedForEncodings = 0;
			knownRegions = (
				en,
				Base,
			);
			mainGroup = 05CB447C29AE15AB00ECBDD9;
			productRefGroup = 05CB448629AE15AC00ECBDD9 /* Products */;
			projectDirPath = "";
			projectRoot = "";
			targets = (
				05CB448429AE15AC00ECBDD9 /* autoscouttask */,
			);
		};
/* End PBXProject section */

/* Begin PBXResourcesBuildPhase section */
		05CB448329AE15AC00ECBDD9 /* Resources */ = {
			isa = PBXResourcesBuildPhase;
			buildActionMask = 2147483647;
			files = (
				05CB449529AE15B000ECBDD9 /* LaunchScreen.storyboard in Resources */,
				05CB449229AE15B000ECBDD9 /* Assets.xcassets in Resources */,
			);
			runOnlyForDeploymentPostprocessing = 0;
		};
/* End PBXResourcesBuildPhase section */

/* Begin PBXShellScriptBuildPhase section */
		920335D94073CD9A8DF9C5F0 /* [CP] Check Pods Manifest.lock */ = {
			isa = PBXShellScriptBuildPhase;
			buildActionMask = 2147483647;
			files = (
			);
			inputFileListPaths = (
			);
			inputPaths = (
				"${PODS_PODFILE_DIR_PATH}/Podfile.lock",
				"${PODS_ROOT}/Manifest.lock",
			);
			name = "[CP] Check Pods Manifest.lock";
			outputFileListPaths = (
			);
			outputPaths = (
				"$(DERIVED_FILE_DIR)/Pods-autoscouttask-checkManifestLockResult.txt",
			);
			runOnlyForDeploymentPostprocessing = 0;
			shellPath = /bin/sh;
			shellScript = "diff \"${PODS_PODFILE_DIR_PATH}/Podfile.lock\" \"${PODS_ROOT}/Manifest.lock\" > /dev/null\nif [ $? != 0 ] ; then\n    # print error to STDERR\n    echo \"error: The sandbox is not in sync with the Podfile.lock. Run 'pod install' or update your CocoaPods installation.\" >&2\n    exit 1\nfi\n# This output is used by Xcode 'outputs' to avoid re-running this script phase.\necho \"SUCCESS\" > \"${SCRIPT_OUTPUT_FILE_0}\"\n";
			showEnvVarsInLog = 0;
		};
		A4CA8C6E4822ED8FD50E1F4F /* [CP] Embed Pods Frameworks */ = {
			isa = PBXShellScriptBuildPhase;
			buildActionMask = 2147483647;
			files = (
			);
			inputFileListPaths = (
				"${PODS_ROOT}/Target Support Files/Pods-autoscouttask/Pods-autoscouttask-frameworks-${CONFIGURATION}-input-files.xcfilelist",
			);
			name = "[CP] Embed Pods Frameworks";
			outputFileListPaths = (
				"${PODS_ROOT}/Target Support Files/Pods-autoscouttask/Pods-autoscouttask-frameworks-${CONFIGURATION}-output-files.xcfilelist",
			);
			runOnlyForDeploymentPostprocessing = 0;
			shellPath = /bin/sh;
			shellScript = "\"${PODS_ROOT}/Target Support Files/Pods-autoscouttask/Pods-autoscouttask-frameworks.sh\"\n";
			showEnvVarsInLog = 0;
		};
/* End PBXShellScriptBuildPhase section */

/* Begin PBXSourcesBuildPhase section */
		05CB448129AE15AC00ECBDD9 /* Sources */ = {
			isa = PBXSourcesBuildPhase;
			buildActionMask = 2147483647;
			files = (
				054F74C729AF752E0002FD5C /* DetailViewController.swift in Sources */,
				05E7C71C29B0E954007C5DBD /* PropertiesCollectionViewCell.swift in Sources */,
				054F74BC29AE32BE0002FD5C /* ImageCarouselView.swift in Sources */,
				05CB44A129AE21AB00ECBDD9 /* CardCollectionViewCell.swift in Sources */,
				05CB448D29AE15AC00ECBDD9 /* MainViewController.swift in Sources */,
				05CB448929AE15AC00ECBDD9 /* AppDelegate.swift in Sources */,
				054F74BF29AF524F0002FD5C /* UIViewExtension.swift in Sources */,
				05CB449F29AE198800ECBDD9 /* Car.swift in Sources */,
				05CB448B29AE15AC00ECBDD9 /* SceneDelegate.swift in Sources */,
			);
			runOnlyForDeploymentPostprocessing = 0;
		};
/* End PBXSourcesBuildPhase section */

/* Begin PBXVariantGroup section */
		05CB449329AE15B000ECBDD9 /* LaunchScreen.storyboard */ = {
			isa = PBXVariantGroup;
			children = (
				05CB449429AE15B000ECBDD9 /* Base */,
			);
			name = LaunchScreen.storyboard;
			sourceTree = "<group>";
		};
/* End PBXVariantGroup section */

/* Begin XCBuildConfiguration section */
		05CB449729AE15B000ECBDD9 /* Debug */ = {
			isa = XCBuildConfiguration;
			buildSettings = {
				ALWAYS_SEARCH_USER_PATHS = NO;
				CLANG_ANALYZER_NONNULL = YES;
				CLANG_ANALYZER_NUMBER_OBJECT_CONVERSION = YES_AGGRESSIVE;
				CLANG_CXX_LANGUAGE_STANDARD = "gnu++20";
				CLANG_ENABLE_MODULES = YES;
				CLANG_ENABLE_OBJC_ARC = YES;
				CLANG_ENABLE_OBJC_WEAK = YES;
				CLANG_WARN_BLOCK_CAPTURE_AUTORELEASING = YES;
				CLANG_WARN_BOOL_CONVERSION = YES;
				CLANG_WARN_COMMA = YES;
				CLANG_WARN_CONSTANT_CONVERSION = YES;
				CLANG_WARN_DEPRECATED_OBJC_IMPLEMENTATIONS = YES;
				CLANG_WARN_DIRECT_OBJC_ISA_USAGE = YES_ERROR;
				CLANG_WARN_DOCUMENTATION_COMMENTS = YES;
				CLANG_WARN_EMPTY_BODY = YES;
				CLANG_WARN_ENUM_CONVERSION = YES;
				CLANG_WARN_INFINITE_RECURSION = YES;
				CLANG_WARN_INT_CONVERSION = YES;
				CLANG_WARN_NON_LITERAL_NULL_CONVERSION = YES;
				CLANG_WARN_OBJC_IMPLICIT_RETAIN_SELF = YES;
				CLANG_WARN_OBJC_LITERAL_CONVERSION = YES;
				CLANG_WARN_OBJC_ROOT_CLASS = YES_ERROR;
				CLANG_WARN_QUOTED_INCLUDE_IN_FRAMEWORK_HEADER = YES;
				CLANG_WARN_RANGE_LOOP_ANALYSIS = YES;
				CLANG_WARN_STRICT_PROTOTYPES = YES;
				CLANG_WARN_SUSPICIOUS_MOVE = YES;
				CLANG_WARN_UNGUARDED_AVAILABILITY = YES_AGGRESSIVE;
				CLANG_WARN_UNREACHABLE_CODE = YES;
				CLANG_WARN__DUPLICATE_METHOD_MATCH = YES;
				COPY_PHASE_STRIP = NO;
				DEBUG_INFORMATION_FORMAT = dwarf;
				ENABLE_STRICT_OBJC_MSGSEND = YES;
				ENABLE_TESTABILITY = YES;
				GCC_C_LANGUAGE_STANDARD = gnu11;
				GCC_DYNAMIC_NO_PIC = NO;
				GCC_NO_COMMON_BLOCKS = YES;
				GCC_OPTIMIZATION_LEVEL = 0;
				GCC_PREPROCESSOR_DEFINITIONS = (
					"DEBUG=1",
					"$(inherited)",
				);
				GCC_WARN_64_TO_32_BIT_CONVERSION = YES;
				GCC_WARN_ABOUT_RETURN_TYPE = YES_ERROR;
				GCC_WARN_UNDECLARED_SELECTOR = YES;
				GCC_WARN_UNINITIALIZED_AUTOS = YES_AGGRESSIVE;
				GCC_WARN_UNUSED_FUNCTION = YES;
				GCC_WARN_UNUSED_VARIABLE = YES;
				IPHONEOS_DEPLOYMENT_TARGET = 16.2;
				MTL_ENABLE_DEBUG_INFO = INCLUDE_SOURCE;
				MTL_FAST_MATH = YES;
				ONLY_ACTIVE_ARCH = YES;
				SDKROOT = iphoneos;
				SWIFT_ACTIVE_COMPILATION_CONDITIONS = DEBUG;
				SWIFT_OPTIMIZATION_LEVEL = "-Onone";
			};
			name = Debug;
		};
		05CB449829AE15B000ECBDD9 /* Release */ = {
			isa = XCBuildConfiguration;
			buildSettings = {
				ALWAYS_SEARCH_USER_PATHS = NO;
				CLANG_ANALYZER_NONNULL = YES;
				CLANG_ANALYZER_NUMBER_OBJECT_CONVERSION = YES_AGGRESSIVE;
				CLANG_CXX_LANGUAGE_STANDARD = "gnu++20";
				CLANG_ENABLE_MODULES = YES;
				CLANG_ENABLE_OBJC_ARC = YES;
				CLANG_ENABLE_OBJC_WEAK = YES;
				CLANG_WARN_BLOCK_CAPTURE_AUTORELEASING = YES;
				CLANG_WARN_BOOL_CONVERSION = YES;
				CLANG_WARN_COMMA = YES;
				CLANG_WARN_CONSTANT_CONVERSION = YES;
				CLANG_WARN_DEPRECATED_OBJC_IMPLEMENTATIONS = YES;
				CLANG_WARN_DIRECT_OBJC_ISA_USAGE = YES_ERROR;
				CLANG_WARN_DOCUMENTATION_COMMENTS = YES;
				CLANG_WARN_EMPTY_BODY = YES;
				CLANG_WARN_ENUM_CONVERSION = YES;
				CLANG_WARN_INFINITE_RECURSION = YES;
				CLANG_WARN_INT_CONVERSION = YES;
				CLANG_WARN_NON_LITERAL_NULL_CONVERSION = YES;
				CLANG_WARN_OBJC_IMPLICIT_RETAIN_SELF = YES;
				CLANG_WARN_OBJC_LITERAL_CONVERSION = YES;
				CLANG_WARN_OBJC_ROOT_CLASS = YES_ERROR;
				CLANG_WARN_QUOTED_INCLUDE_IN_FRAMEWORK_HEADER = YES;
				CLANG_WARN_RANGE_LOOP_ANALYSIS = YES;
				CLANG_WARN_STRICT_PROTOTYPES = YES;
				CLANG_WARN_SUSPICIOUS_MOVE = YES;
				CLANG_WARN_UNGUARDED_AVAILABILITY = YES_AGGRESSIVE;
				CLANG_WARN_UNREACHABLE_CODE = YES;
				CLANG_WARN__DUPLICATE_METHOD_MATCH = YES;
				COPY_PHASE_STRIP = NO;
				DEBUG_INFORMATION_FORMAT = "dwarf-with-dsym";
				ENABLE_NS_ASSERTIONS = NO;
				ENABLE_STRICT_OBJC_MSGSEND = YES;
				GCC_C_LANGUAGE_STANDARD = gnu11;
				GCC_NO_COMMON_BLOCKS = YES;
				GCC_WARN_64_TO_32_BIT_CONVERSION = YES;
				GCC_WARN_ABOUT_RETURN_TYPE = YES_ERROR;
				GCC_WARN_UNDECLARED_SELECTOR = YES;
				GCC_WARN_UNINITIALIZED_AUTOS = YES_AGGRESSIVE;
				GCC_WARN_UNUSED_FUNCTION = YES;
				GCC_WARN_UNUSED_VARIABLE = YES;
				IPHONEOS_DEPLOYMENT_TARGET = 16.2;
				MTL_ENABLE_DEBUG_INFO = NO;
				MTL_FAST_MATH = YES;
				SDKROOT = iphoneos;
				SWIFT_COMPILATION_MODE = wholemodule;
				SWIFT_OPTIMIZATION_LEVEL = "-O";
				VALIDATE_PRODUCT = YES;
			};
			name = Release;
		};
		05CB449A29AE15B000ECBDD9 /* Debug */ = {
			isa = XCBuildConfiguration;
			baseConfigurationReference = BC4246C79024AB68C8A8AFB8 /* Pods-autoscouttask.debug.xcconfig */;
			buildSettings = {
				ASSETCATALOG_COMPILER_APPICON_NAME = AppIcon;
				ASSETCATALOG_COMPILER_GLOBAL_ACCENT_COLOR_NAME = AccentColor;
				CODE_SIGN_STYLE = Automatic;
				CURRENT_PROJECT_VERSION = 1;
				DEVELOPMENT_TEAM = 79CC3G55SX;
				GENERATE_INFOPLIST_FILE = YES;
				INFOPLIST_FILE = autoscouttask/Info.plist;
				INFOPLIST_KEY_UIApplicationSupportsIndirectInputEvents = YES;
				INFOPLIST_KEY_UILaunchStoryboardName = LaunchScreen;
				INFOPLIST_KEY_UISupportedInterfaceOrientations_iPad = "UIInterfaceOrientationPortrait UIInterfaceOrientationPortraitUpsideDown UIInterfaceOrientationLandscapeLeft UIInterfaceOrientationLandscapeRight";
				INFOPLIST_KEY_UISupportedInterfaceOrientations_iPhone = "UIInterfaceOrientationPortrait UIInterfaceOrientationLandscapeLeft UIInterfaceOrientationLandscapeRight";
				INFOPLIST_KEY_UIUserInterfaceStyle = Light;
				IPHONEOS_DEPLOYMENT_TARGET = 13.0;
				LD_RUNPATH_SEARCH_PATHS = (
					"$(inherited)",
					"@executable_path/Frameworks",
				);
				MARKETING_VERSION = 1.0;
				PRODUCT_BUNDLE_IDENTIFIER = com.keremuslular.autoscouttask;
				PRODUCT_NAME = "$(TARGET_NAME)";
				SUPPORTED_PLATFORMS = "iphoneos iphonesimulator";
				SUPPORTS_MACCATALYST = NO;
				SUPPORTS_MAC_DESIGNED_FOR_IPHONE_IPAD = NO;
				SWIFT_EMIT_LOC_STRINGS = YES;
				SWIFT_VERSION = 5.0;
				TARGETED_DEVICE_FAMILY = "1,2";
			};
			name = Debug;
		};
		05CB449B29AE15B000ECBDD9 /* Release */ = {
			isa = XCBuildConfiguration;
			baseConfigurationReference = 4FB3AFC7B3F90A18AC966A8A /* Pods-autoscouttask.release.xcconfig */;
			buildSettings = {
				ASSETCATALOG_COMPILER_APPICON_NAME = AppIcon;
				ASSETCATALOG_COMPILER_GLOBAL_ACCENT_COLOR_NAME = AccentColor;
				CODE_SIGN_STYLE = Automatic;
				CURRENT_PROJECT_VERSION = 1;
				DEVELOPMENT_TEAM = 79CC3G55SX;
				GENERATE_INFOPLIST_FILE = YES;
				INFOPLIST_FILE = autoscouttask/Info.plist;
				INFOPLIST_KEY_UIApplicationSupportsIndirectInputEvents = YES;
				INFOPLIST_KEY_UILaunchStoryboardName = LaunchScreen;
				INFOPLIST_KEY_UISupportedInterfaceOrientations_iPad = "UIInterfaceOrientationPortrait UIInterfaceOrientationPortraitUpsideDown UIInterfaceOrientationLandscapeLeft UIInterfaceOrientationLandscapeRight";
				INFOPLIST_KEY_UISupportedInterfaceOrientations_iPhone = "UIInterfaceOrientationPortrait UIInterfaceOrientationLandscapeLeft UIInterfaceOrientationLandscapeRight";
				INFOPLIST_KEY_UIUserInterfaceStyle = Light;
				IPHONEOS_DEPLOYMENT_TARGET = 13.0;
				LD_RUNPATH_SEARCH_PATHS = (
					"$(inherited)",
					"@executable_path/Frameworks",
				);
				MARKETING_VERSION = 1.0;
				PRODUCT_BUNDLE_IDENTIFIER = com.keremuslular.autoscouttask;
				PRODUCT_NAME = "$(TARGET_NAME)";
				SUPPORTED_PLATFORMS = "iphoneos iphonesimulator";
				SUPPORTS_MACCATALYST = NO;
				SUPPORTS_MAC_DESIGNED_FOR_IPHONE_IPAD = NO;
				SWIFT_EMIT_LOC_STRINGS = YES;
				SWIFT_VERSION = 5.0;
				TARGETED_DEVICE_FAMILY = "1,2";
			};
			name = Release;
		};
/* End XCBuildConfiguration section */

/* Begin XCConfigurationList section */
		05CB448029AE15AB00ECBDD9 /* Build configuration list for PBXProject "autoscouttask" */ = {
			isa = XCConfigurationList;
			buildConfigurations = (
				05CB449729AE15B000ECBDD9 /* Debug */,
				05CB449829AE15B000ECBDD9 /* Release */,
			);
			defaultConfigurationIsVisible = 0;
			defaultConfigurationName = Release;
		};
		05CB449929AE15B000ECBDD9 /* Build configuration list for PBXNativeTarget "autoscouttask" */ = {
			isa = XCConfigurationList;
			buildConfigurations = (
				05CB449A29AE15B000ECBDD9 /* Debug */,
				05CB449B29AE15B000ECBDD9 /* Release */,
			);
			defaultConfigurationIsVisible = 0;
			defaultConfigurationName = Release;
		};
/* End XCConfigurationList section */
	};
	rootObject = 05CB447D29AE15AB00ECBDD9 /* Project object */;
}
